# This file is generated by running "yarn install" inside your project.
# Manual changes might be lost - proceed with caution!

__metadata:
  version: 7
  cacheKey: 10

"functions@workspace:.":
  version: 0.0.0-use.local
  resolution: "functions@workspace:."
  dependencies:
    lodash.chunk: "npm:4.2.0"
    lodash.compact: "npm:3.0.1"
    lodash.concat: "npm:4.5.0"
  peerDependencies:
    lodash.concat: 4.5.0
  languageName: unknown
  linkType: soft

"lodash.chunk@npm:4.2.0":
  version: 4.2.0
  resolution: "lodash.chunk@npm:4.2.0"
  checksum: 3b6639fda107a0d8c3996090eeb7ad0f05063e6a1f4692a01335e7c1990030d3274c3164d78159f24928d86eb0943ad326b0a4a2da706c250c4d3166ddd8ed0e
  languageName: node
  linkType: hard

"lodash.compact@npm:3.0.1":
  version: 3.0.1
  resolution: "lodash.compact@npm:3.0.1"
  checksum: 75039eddfa5ef2ea0da1fc3d36515e92227241f94258b3dcf771196e741c878698ce5b79c0cb7fe758841c9dfd0e6fa222888985aadc0384fd79bbc9680dd829
  languageName: node
  linkType: hard

"lodash.concat@npm:4.5.0":
  version: 4.5.0
  resolution: "lodash.concat@npm:4.5.0"
  checksum: 5660a3dbf4c081b33df754d70ef1e50674a49ce0b45b7f37743348b6ac69c371a69844e2f81f357d528a7c21977bd628d5c8dbf47606f2f2d7466d7b18c2d2a9
  languageName: node
  linkType: hard
