# This file is generated by running "yarn install" inside your project.
# Manual changes might be lost - proceed with caution!

__metadata:
  version: 8
  cacheKey: 10c0

"@types/lodash.chunk@npm:4.2.9":
  version: 4.2.9
  resolution: "@types/lodash.chunk@npm:4.2.9"
  dependencies:
    "@types/lodash": "npm:*"
  checksum: 10c0/5759b3d969c5db4b0893b70261ae40d4b9a6466c984c16de6fa1d3945b3199cc09f948a444a3b4e6cfa0dd984044cf937cbc8dab5fe0ac8da67244ed74d9e4e4
  languageName: node
  linkType: hard

"@types/lodash.compact@npm:3.0.9":
  version: 3.0.9
  resolution: "@types/lodash.compact@npm:3.0.9"
  dependencies:
    "@types/lodash": "npm:*"
  checksum: 10c0/9eff2fecd6773352f5b762a2c58f261e3c83f61d7297efe94b08f9a4b524b24ccc2de5e8d728e2ffd42472fa06973df0856e474eb74b5e614813d26d7436efc6
  languageName: node
  linkType: hard

"@types/lodash.concat@npm:4.5.9":
  version: 4.5.9
  resolution: "@types/lodash.concat@npm:4.5.9"
  dependencies:
    "@types/lodash": "npm:*"
  checksum: 10c0/29f385407c634e41ac6dc67466c7ef9ed179ab010cffb4ed7b37f9164284e8301fc2e41abbc8670dd755ca8c5c331341c957d657ada860f32d4450d7812f89d9
  languageName: node
  linkType: hard

"@types/lodash@npm:*":
  version: 4.17.16
  resolution: "@types/lodash@npm:4.17.16"
  checksum: 10c0/cf017901b8ab1d7aabc86d5189d9288f4f99f19a75caf020c0e2c77b8d4cead4db0d0b842d009b029339f92399f49f34377dd7c2721053388f251778b4c23534
  languageName: node
  linkType: hard

"functions@workspace:.":
  version: 0.0.0-use.local
  resolution: "functions@workspace:."
  dependencies:
    "@types/lodash.chunk": "npm:4.2.9"
    "@types/lodash.compact": "npm:3.0.9"
    "@types/lodash.concat": "npm:4.5.9"
    lodash.chunk: "npm:4.2.0"
    lodash.compact: "npm:3.0.1"
    lodash.concat: "npm:4.5.0"
  peerDependencies:
    lodash.concat: 4.5.0
  languageName: unknown
  linkType: soft

"lodash.chunk@npm:4.2.0":
  version: 4.2.0
  resolution: "lodash.chunk@npm:4.2.0"
  checksum: 10c0/f9f99969561ad2f62af1f9a96c5bd0af776f000292b0d8db3126c28eb3b32e210d7c31b49c18d0d7901869bd769057046dc134b60cfa0c2c4ce017823a26bb23
  languageName: node
  linkType: hard

"lodash.compact@npm:3.0.1":
  version: 3.0.1
  resolution: "lodash.compact@npm:3.0.1"
  checksum: 10c0/9cc32065f1a9aa90bf3caa987fb7e00f8b90a49209e7f9f37c601e595f396a83ebe8f3328b2ef7f365cf822c9f21697527620c9c9c9734f107453b4c6c4dd810
  languageName: node
  linkType: hard

"lodash.concat@npm:4.5.0":
  version: 4.5.0
  resolution: "lodash.concat@npm:4.5.0"
  checksum: 10c0/13a0e3e96fb0285a76a423df8d6dc83fc4fd5163fb2f783fd37d1d18b542f23aba149c35dcdab5c4f25e2518c3c8bbd138b0564d688d13528b34eb918bfb5500
  languageName: node
  linkType: hard
