# This file is generated by running "yarn install" inside your project.
# Manual changes might be lost - proceed with caution!

__metadata:
  version: 7
  cacheKey: 9

"functions@workspace:.":
  version: 0.0.0-use.local
  resolution: "functions@workspace:."
  dependencies:
    lodash.chunk: "npm:4.2.0"
    lodash.compact: "npm:3.0.1"
    lodash.concat: "npm:4.5.0"
  peerDependencies:
    lodash.concat: 4.5.0
  languageName: unknown
  linkType: soft

"lodash.chunk@npm:4.2.0":
  version: 4.2.0
  resolution: "lodash.chunk@npm:4.2.0"
  checksum: a28a027467c0b18e280444083416348906a1e39c44c1e403edbde1825bf7eba8d4955adbddf6fc0efd03541c6d2502435bfaa5320992877e51eb44cd2e12d6b9
  languageName: node
  linkType: hard

"lodash.compact@npm:3.0.1":
  version: 3.0.1
  resolution: "lodash.compact@npm:3.0.1"
  checksum: 2a33efac11241656e6c7549233d057fb86b4ebe59b9fbbff5f6499bad01d48c8e021558bce0450197024e71c2d5f976f0cc7459f15a4a9b30ee921d963934bf5
  languageName: node
  linkType: hard

"lodash.concat@npm:4.5.0":
  version: 4.5.0
  resolution: "lodash.concat@npm:4.5.0"
  checksum: 447c9dd8e5992e2b9c923717b3641c2f11a198a73978c3bb4692acdd9ecdc34e1def1e5b2055aeddc8723e629da583c7f567a4adf8574f8a39f11dd119e06dfd
  languageName: node
  linkType: hard
