{
  "lockfileVersion": 1,
  "configVersion": 1,
  "workspaces": {
    "": {
      "name": "@scope/lib-react-ts-entry",
      "dependencies": {
        "@scope/dep": "file:./vendor/scope-dep",
      },
      "devDependencies": {
        "@types/react": "19.1.11",
        "react": "19.1.1",
      },
      "peerDependencies": {
        "react": ">=19",
      },
    },
  },
  "packages": {
    "@scope/dep": ["@scope/dep@file:vendor/scope-dep", {}],

    "@types/react": ["@types/react@19.1.11", "", { "dependencies": { "csstype": "^3.0.2" } }, "sha512-lr3jdBw/BGj49Eps7EvqlUaoeA0xpj3pc0RoJkHpYaCHkVK7i28dKyImLQb3JVlqs3aYSXf7qYuWOW/fgZnTXQ=="],

    "csstype": ["csstype@3.2.3", "", {}, "sha512-z1HGKcYy2xA8AGQfwrn0PAy+PB7X/GSj3UVJW9qKyn43xWa+gl5nXmU4qqLMRzWVLFC8KusUX8T/0kCiOYpAIQ=="],

    "react": ["react@19.1.1", "", {}, "sha512-w8nqGImo45dmMIfljjMwOGtbmC/mk4CMYhWIicdSflH91J9TyCyczcPFXJzrZ/ZXcgGRFeP6BU0BEJTw6tZdfQ=="],
  }
}
