# This file is generated by running "yarn install" inside your project.
# Manual changes might be lost - proceed with caution!

__metadata:
  version: 10
  cacheKey: 10c0

"@scope/dep@file:./vendor/scope-dep::locator=%40scope%2Flib-react-ts-entry%40workspace%3A.":
  version: 1.0.0
  resolution: "@scope/dep@file:./vendor/scope-dep#./vendor/scope-dep::hash=9d7b38&locator=%40scope%2Flib-react-ts-entry%40workspace%3A."
  checksum: 10c0/c0e741742deaaef7623f4a4d177946b400536d116ff8cb3c8dcc090d9ffe4ae43b005e4d0acbec628940b8ff4ca709df84d857220588b9d1a9733d483bb0ba05
  languageName: node
  linkType: hard

"@scope/lib-react-ts-entry@workspace:.":
  version: 0.0.0-use.local
  resolution: "@scope/lib-react-ts-entry@workspace:."
  dependencies:
    "@scope/dep": "file:./vendor/scope-dep"
    "@types/react": "npm:19.1.11"
    react: "npm:19.1.1"
  peerDependencies:
    react: ">=19"
  languageName: unknown
  linkType: soft

"@types/react@npm:19.1.11":
  version: 19.1.11
  resolution: "@types/react@npm:19.1.11"
  dependencies:
    csstype: "npm:^3.0.2"
  checksum: 10c0/639b225c2bbcd4b8a30e1ea7a73aec81ae5b952a4c432460b48c9881c9d12e76645c9032d24f15eefae9985a12d5cb26557fe10e9850b2da0fabfb0a1e2d16bd
  languageName: node
  linkType: hard

"csstype@npm:^3.0.2":
  version: 3.2.3
  resolution: "csstype@npm:3.2.3"
  checksum: 10c0/cd29c51e70fa822f1cecd8641a1445bed7063697469d35633b516e60fe8c1bde04b08f6c5b6022136bb669b64c63d4173af54864510fbb4ee23281801841a3ce
  languageName: node
  linkType: hard

"react@npm:19.1.1":
  version: 19.1.1
  resolution: "react@npm:19.1.1"
  checksum: 10c0/8c9769a2dfd02e603af6445058325e6c8a24b47b185d0e461f66a6454765ddcaecb3f0a90184836c68bb509f3c38248359edbc42f0d07c23eb500a5c30c87b4e
  languageName: node
  linkType: hard
