{
  "lockfileVersion": 1,
  "configVersion": 1,
  "workspaces": {
    "": {
      "name": "lib-react",
      "dependencies": {
        "lodash.chunk": "4.2.0",
      },
      "devDependencies": {
        "@types/lodash.chunk": "4.2.9",
        "@types/react": "19.1.11",
        "react": "19.1.1",
      },
      "peerDependencies": {
        "lodash.chunk": "4.2.0",
        "react": ">=19",
      },
    },
  },
  "packages": {
    "@types/lodash": ["@types/lodash@4.17.24", "", {}, "sha512-gIW7lQLZbue7lRSWEFql49QJJWThrTFFeIMJdp3eH4tKoxm1OvEPg02rm4wCCSHS0cL3/Fizimb35b7k8atwsQ=="],

    "@types/lodash.chunk": ["@types/lodash.chunk@4.2.9", "", { "dependencies": { "@types/lodash": "*" } }, "sha512-Z9VtFUSnmT0No/QymqfG9AGbfOA4O5qB/uyP89xeZBqDAsKsB4gQFTqt7d0pHjbsTwtQ4yZObQVHuKlSOhIJ5Q=="],

    "@types/react": ["@types/react@19.1.11", "", { "dependencies": { "csstype": "^3.0.2" } }, "sha512-lr3jdBw/BGj49Eps7EvqlUaoeA0xpj3pc0RoJkHpYaCHkVK7i28dKyImLQb3JVlqs3aYSXf7qYuWOW/fgZnTXQ=="],

    "csstype": ["csstype@3.2.3", "", {}, "sha512-z1HGKcYy2xA8AGQfwrn0PAy+PB7X/GSj3UVJW9qKyn43xWa+gl5nXmU4qqLMRzWVLFC8KusUX8T/0kCiOYpAIQ=="],

    "lodash.chunk": ["lodash.chunk@4.2.0", "", {}, "sha512-ZzydJKfUHJwHa+hF5X66zLFCBrWn5GeF28OHEr4WVWtNDXlQ/IjWKPBiikqKo2ne0+v6JgCgJ0GzJp8k8bHC7w=="],

    "react": ["react@19.1.1", "", {}, "sha512-w8nqGImo45dmMIfljjMwOGtbmC/mk4CMYhWIicdSflH91J9TyCyczcPFXJzrZ/ZXcgGRFeP6BU0BEJTw6tZdfQ=="],
  }
}
