# This file is generated by running "yarn install" inside your project.
# Manual changes might be lost - proceed with caution!

__metadata:
  version: 8
  cacheKey: 10c0

"@types/lodash@npm:4.14.196":
  version: 4.14.196
  resolution: "@types/lodash@npm:4.14.196"
  checksum: a482cc4070f45f278b3fcedfb66b109b2a32fcae5854c6d500333cef73f25fbd7f1d48cd4a709dae2ed31ff2cf0df70080d0f7185b0faebcb738eb1ef997ebd1
  languageName: node
  linkType: hard

"@types/node@npm:18.17.1":
  version: 18.17.1
  resolution: "@types/node@npm:18.17.1"
  checksum: 15b9d2d5de2e8607ea0c83286de437086467223c060b6165a2c8cb7b82caf46a4d8851489220adaa93dd525d62f014047ac005a7445be795581539436fc5e08e
  languageName: node
  linkType: hard

"lib-node@workspace:.":
  version: 0.0.0-use.local
  resolution: "lib-node@workspace:."
  dependencies:
    "@types/lodash": "npm:4.14.196"
    "@types/node": "npm:18.17.1"
    lodash.chunk: "npm:4.2.0"
  peerDependencies:
    lodash.chunk: 4.2.0
  languageName: unknown
  linkType: soft

"lodash.chunk@npm:4.2.0":
  version: 4.2.0
  resolution: "lodash.chunk@npm:4.2.0"
  checksum: f9f99969561ad2f62af1f9a96c5bd0af776f000292b0d8db3126c28eb3b32e210d7c31b49c18d0d7901869bd769057046dc134b60cfa0c2c4ce017823a26bb23
  languageName: node
  linkType: hard
