# This file is generated by running "yarn install" inside your project.
# Manual changes might be lost - proceed with caution!

__metadata:
  version: 8
  cacheKey: 10c0

"@types/lodash@npm:4.14.197":
  version: 4.14.197
  resolution: "@types/lodash@npm:4.14.197"
  checksum: fd66d680293b24f9ecd44c0963e5f75b04d05d95bb31d51ad0ae84abae8e14f6b98f2721199b293a8596102acff49db43816e6a6baca4085165a4fe80f49124e
  languageName: node
  linkType: hard

"@types/node@npm:18.17.5":
  version: 18.17.5
  resolution: "@types/node@npm:18.17.5"
  checksum: 763c753351d3ceaedb5888a03b10f0925c5be6e80b3fa5755f47f4c6ba401999becaf7317105554a07dbba43467f2890285cfb7252c34e1b1afed3ef56acdf55
  languageName: node
  linkType: hard

"lib-node@workspace:.":
  version: 0.0.0-use.local
  resolution: "lib-node@workspace:."
  dependencies:
    "@types/lodash": "npm:4.14.197"
    "@types/node": "npm:18.17.5"
    lodash.chunk: "npm:4.2.0"
  peerDependencies:
    lodash.chunk: 4.2.0
  languageName: unknown
  linkType: soft

"lodash.chunk@npm:4.2.0":
  version: 4.2.0
  resolution: "lodash.chunk@npm:4.2.0"
  checksum: f9f99969561ad2f62af1f9a96c5bd0af776f000292b0d8db3126c28eb3b32e210d7c31b49c18d0d7901869bd769057046dc134b60cfa0c2c4ce017823a26bb23
  languageName: node
  linkType: hard
