# This file is generated by running "yarn install" inside your project.
# Manual changes might be lost - proceed with caution!

__metadata:
  version: 8
  cacheKey: 10c0

"app-node@workspace:.":
  version: 0.0.0-use.local
  resolution: "app-node@workspace:."
  dependencies:
    lodash.chunk: "npm:4.2.0"
    lodash.compact: "npm:3.0.1"
    lodash.concat: "npm:4.5.0"
  peerDependencies:
    lodash.concat: 4.5.0
  languageName: unknown
  linkType: soft

"lodash.chunk@npm:4.2.0":
  version: 4.2.0
  resolution: "lodash.chunk@npm:4.2.0"
  checksum: f9f99969561ad2f62af1f9a96c5bd0af776f000292b0d8db3126c28eb3b32e210d7c31b49c18d0d7901869bd769057046dc134b60cfa0c2c4ce017823a26bb23
  languageName: node
  linkType: hard

"lodash.compact@npm:3.0.1":
  version: 3.0.1
  resolution: "lodash.compact@npm:3.0.1"
  checksum: 9cc32065f1a9aa90bf3caa987fb7e00f8b90a49209e7f9f37c601e595f396a83ebe8f3328b2ef7f365cf822c9f21697527620c9c9c9734f107453b4c6c4dd810
  languageName: node
  linkType: hard

"lodash.concat@npm:4.5.0":
  version: 4.5.0
  resolution: "lodash.concat@npm:4.5.0"
  checksum: 13a0e3e96fb0285a76a423df8d6dc83fc4fd5163fb2f783fd37d1d18b542f23aba149c35dcdab5c4f25e2518c3c8bbd138b0564d688d13528b34eb918bfb5500
  languageName: node
  linkType: hard
