# This file is generated by running "yarn install" inside your project.
# Manual changes might be lost - proceed with caution!

__metadata:
  version: 8
  cacheKey: 10c0

"@types/lodash.chunk@npm:4.2.9":
  version: 4.2.9
  resolution: "@types/lodash.chunk@npm:4.2.9"
  dependencies:
    "@types/lodash": "npm:*"
  checksum: 10c0/5759b3d969c5db4b0893b70261ae40d4b9a6466c984c16de6fa1d3945b3199cc09f948a444a3b4e6cfa0dd984044cf937cbc8dab5fe0ac8da67244ed74d9e4e4
  languageName: node
  linkType: hard

"@types/lodash@npm:*":
  version: 4.17.16
  resolution: "@types/lodash@npm:4.17.16"
  checksum: 10c0/cf017901b8ab1d7aabc86d5189d9288f4f99f19a75caf020c0e2c77b8d4cead4db0d0b842d009b029339f92399f49f34377dd7c2721053388f251778b4c23534
  languageName: node
  linkType: hard

"@types/react@npm:19.0.10":
  version: 19.0.10
  resolution: "@types/react@npm:19.0.10"
  dependencies:
    csstype: "npm:^3.0.2"
  checksum: 10c0/41884cca21850c8b2d6578b172ca0ca4fff6021251a68532b19f2031ac23dc5a9222470208065f8d9985d367376047df2f49ece8d927f7d04cdc94922b1eb34b
  languageName: node
  linkType: hard

"csstype@npm:^3.0.2":
  version: 3.1.3
  resolution: "csstype@npm:3.1.3"
  checksum: 10c0/80c089d6f7e0c5b2bd83cf0539ab41474198579584fa10d86d0cafe0642202343cbc119e076a0b1aece191989477081415d66c9fefbf3c957fc2fc4b7009f248
  languageName: node
  linkType: hard

"lib-react@workspace:.":
  version: 0.0.0-use.local
  resolution: "lib-react@workspace:."
  dependencies:
    "@types/lodash.chunk": "npm:4.2.9"
    "@types/react": "npm:19.0.10"
    lodash.chunk: "npm:4.2.0"
    react: "npm:19.0.0"
  peerDependencies:
    lodash.chunk: 4.2.0
    react: ">=18"
  languageName: unknown
  linkType: soft

"lodash.chunk@npm:4.2.0":
  version: 4.2.0
  resolution: "lodash.chunk@npm:4.2.0"
  checksum: 10c0/f9f99969561ad2f62af1f9a96c5bd0af776f000292b0d8db3126c28eb3b32e210d7c31b49c18d0d7901869bd769057046dc134b60cfa0c2c4ce017823a26bb23
  languageName: node
  linkType: hard

"react@npm:19.0.0":
  version: 19.0.0
  resolution: "react@npm:19.0.0"
  checksum: 10c0/9cad8f103e8e3a16d15cb18a0d8115d8bd9f9e1ce3420310aea381eb42aa0a4f812cf047bb5441349257a05fba8a291515691e3cb51267279b2d2c3253f38471
  languageName: node
  linkType: hard
