# This file is generated by running "yarn install" inside your project.
# Manual changes might be lost - proceed with caution!

__metadata:
  version: 8
  cacheKey: 10c0

"@types/lodash.chunk@npm:4.2.9":
  version: 4.2.9
  resolution: "@types/lodash.chunk@npm:4.2.9"
  dependencies:
    "@types/lodash": "npm:*"
  checksum: 5759b3d969c5db4b0893b70261ae40d4b9a6466c984c16de6fa1d3945b3199cc09f948a444a3b4e6cfa0dd984044cf937cbc8dab5fe0ac8da67244ed74d9e4e4
  languageName: node
  linkType: hard

"@types/lodash@npm:*":
  version: 4.14.202
  resolution: "@types/lodash@npm:4.14.202"
  checksum: 6064d43c8f454170841bd67c8266cc9069d9e570a72ca63f06bceb484cb4a3ee60c9c1f305c1b9e3a87826049fd41124b8ef265c4dd08b00f6766609c7fe9973
  languageName: node
  linkType: hard

"@types/prop-types@npm:*":
  version: 15.7.11
  resolution: "@types/prop-types@npm:15.7.11"
  checksum: e53423cf9d510515ef8b47ff42f4f1b65a7b7b37c8704e2dbfcb9a60defe0c0e1f3cb1acfdeb466bad44ca938d7c79bffdd51b48ffb659df2432169d0b27a132
  languageName: node
  linkType: hard

"@types/react@npm:18.2.48":
  version: 18.2.48
  resolution: "@types/react@npm:18.2.48"
  dependencies:
    "@types/prop-types": "npm:*"
    "@types/scheduler": "npm:*"
    csstype: "npm:^3.0.2"
  checksum: 7e89f18ea2928b1638f564b156d692894dcb9352a7e0a807873c97e858abe1f23dbd165a25dd088a991344e973fdeef88ba5724bfb64504b74072cbc9c220c3a
  languageName: node
  linkType: hard

"@types/scheduler@npm:*":
  version: 0.16.8
  resolution: "@types/scheduler@npm:0.16.8"
  checksum: f86de504945b8fc41b1f391f847444d542e2e4067cf7e5d9bfeb5d2d2393d3203b1161bc0ef3b1e104d828dabfb60baf06e8d2c27e27ff7e8258e6e618d8c4ec
  languageName: node
  linkType: hard

"csstype@npm:^3.0.2":
  version: 3.1.3
  resolution: "csstype@npm:3.1.3"
  checksum: 80c089d6f7e0c5b2bd83cf0539ab41474198579584fa10d86d0cafe0642202343cbc119e076a0b1aece191989477081415d66c9fefbf3c957fc2fc4b7009f248
  languageName: node
  linkType: hard

"js-tokens@npm:^3.0.0 || ^4.0.0":
  version: 4.0.0
  resolution: "js-tokens@npm:4.0.0"
  checksum: e248708d377aa058eacf2037b07ded847790e6de892bbad3dac0abba2e759cb9f121b00099a65195616badcb6eca8d14d975cb3e89eb1cfda644756402c8aeed
  languageName: node
  linkType: hard

"lib-react@workspace:.":
  version: 0.0.0-use.local
  resolution: "lib-react@workspace:."
  dependencies:
    "@types/lodash.chunk": "npm:4.2.9"
    "@types/react": "npm:18.2.48"
    lodash.chunk: "npm:4.2.0"
    react: "npm:18.2.0"
  peerDependencies:
    lodash.chunk: 4.2.0
    react: ">=18"
  languageName: unknown
  linkType: soft

"lodash.chunk@npm:4.2.0":
  version: 4.2.0
  resolution: "lodash.chunk@npm:4.2.0"
  checksum: f9f99969561ad2f62af1f9a96c5bd0af776f000292b0d8db3126c28eb3b32e210d7c31b49c18d0d7901869bd769057046dc134b60cfa0c2c4ce017823a26bb23
  languageName: node
  linkType: hard

"loose-envify@npm:^1.1.0":
  version: 1.4.0
  resolution: "loose-envify@npm:1.4.0"
  dependencies:
    js-tokens: "npm:^3.0.0 || ^4.0.0"
  bin:
    loose-envify: cli.js
  checksum: 655d110220983c1a4b9c0c679a2e8016d4b67f6e9c7b5435ff5979ecdb20d0813f4dec0a08674fcbdd4846a3f07edbb50a36811fd37930b94aaa0d9daceb017e
  languageName: node
  linkType: hard

"react@npm:18.2.0":
  version: 18.2.0
  resolution: "react@npm:18.2.0"
  dependencies:
    loose-envify: "npm:^1.1.0"
  checksum: b562d9b569b0cb315e44b48099f7712283d93df36b19a39a67c254c6686479d3980b7f013dc931f4a5a3ae7645eae6386b4aa5eea933baa54ecd0f9acb0902b8
  languageName: node
  linkType: hard
