# This file is generated by running "yarn install" inside your project.
# Manual changes might be lost - proceed with caution!

__metadata:
  version: 8
  cacheKey: 10c0

"@types/lodash.chunk@npm:4.2.9":
  version: 4.2.9
  resolution: "@types/lodash.chunk@npm:4.2.9"
  dependencies:
    "@types/lodash": "npm:*"
  checksum: 10c0/5759b3d969c5db4b0893b70261ae40d4b9a6466c984c16de6fa1d3945b3199cc09f948a444a3b4e6cfa0dd984044cf937cbc8dab5fe0ac8da67244ed74d9e4e4
  languageName: node
  linkType: hard

"@types/lodash@npm:*":
  version: 4.17.16
  resolution: "@types/lodash@npm:4.17.16"
  checksum: 10c0/cf017901b8ab1d7aabc86d5189d9288f4f99f19a75caf020c0e2c77b8d4cead4db0d0b842d009b029339f92399f49f34377dd7c2721053388f251778b4c23534
  languageName: node
  linkType: hard

"@types/node@npm:22.15.18":
  version: 22.15.18
  resolution: "@types/node@npm:22.15.18"
  dependencies:
    undici-types: "npm:~6.21.0"
  checksum: 10c0/e23178c568e2dc6b93b6aa3b8dfb45f9556e527918c947fe7406a4c92d2184c7396558912400c3b1b8d0fa952ec63819aca2b8e4d3545455fc6f1e9623e09ca6
  languageName: node
  linkType: hard

"lib-esm@workspace:.":
  version: 0.0.0-use.local
  resolution: "lib-esm@workspace:."
  dependencies:
    "@types/lodash.chunk": "npm:4.2.9"
    "@types/node": "npm:22.15.18"
    lodash.chunk: "npm:4.2.0"
  peerDependencies:
    lodash.chunk: 4.2.0
  languageName: unknown
  linkType: soft

"lodash.chunk@npm:4.2.0":
  version: 4.2.0
  resolution: "lodash.chunk@npm:4.2.0"
  checksum: 10c0/f9f99969561ad2f62af1f9a96c5bd0af776f000292b0d8db3126c28eb3b32e210d7c31b49c18d0d7901869bd769057046dc134b60cfa0c2c4ce017823a26bb23
  languageName: node
  linkType: hard

"undici-types@npm:~6.21.0":
  version: 6.21.0
  resolution: "undici-types@npm:6.21.0"
  checksum: 10c0/c01ed51829b10aa72fc3ce64b747f8e74ae9b60eafa19a7b46ef624403508a54c526ffab06a14a26b3120d055e1104d7abe7c9017e83ced038ea5cf52f8d5e04
  languageName: node
  linkType: hard
